
Microsoft Visual Studio Solution File, Format Version 12.00
# Visual Studio Version 16
VisualStudioVersion = 16.0.31112.23
MinimumVisualStudioVersion = 10.0.40219.1
Project("{FAE04EC0-301F-11D3-BF4B-00C04F79EFBC}") = "CslApoio", "CslApoio\CslApoio.csproj", "{8B8FAA4C-37C0-4FAD-A413-64864CA71CB8}"
EndProject
Global
	GlobalSection(SolutionConfigurationPlatforms) = preSolution
		Debug|Any CPU = Debug|Any CPU
		Release|Any CPU = Release|Any CPU
	EndGlobalSection
	GlobalSection(ProjectConfigurationPlatforms) = postSolution
		{8B8FAA4C-37C0-4FAD-A413-64864CA71CB8}.Debug|Any CPU.ActiveCfg = Debug|Any CPU
		{8B8FAA4C-37C0-4FAD-A413-64864CA71CB8}.Debug|Any CPU.Build.0 = Debug|Any CPU
		{8B8FAA4C-37C0-4FAD-A413-64864CA71CB8}.Release|Any CPU.ActiveCfg = Release|Any CPU
		{8B8FAA4C-37C0-4FAD-A413-64864CA71CB8}.Release|Any CPU.Build.0 = Release|Any CPU
	EndGlobalSection
	GlobalSection(SolutionProperties) = preSolution
		HideSolutionNode = FALSE
	EndGlobalSection
	GlobalSection(ExtensibilityGlobals) = postSolution
		SolutionGuid = {67CCCC72-FB29-42BD-A01B-58DD0DE8CE84}
	EndGlobalSection
EndGlobal
